
Microsoft Visual Studio Solution File, Format Version 12.00
# Visual Studio 15
VisualStudioVersion = 15.0.28010.2050
MinimumVisualStudioVersion = 10.0.40219.1
Project("{FAE04EC0-301F-11D3-BF4B-00C04F79EFBC}") = "networking", "networking\networking.csproj", "{829E657C-6B26-4BCF-93CA-373049507ED7}"
EndProject
Global
	GlobalSection(SolutionConfigurationPlatforms) = preSolution
		Debug|Any CPU = Debug|Any CPU
		Release|Any CPU = Release|Any CPU
	EndGlobalSection
	GlobalSection(ProjectConfigurationPlatforms) = postSolution
		{829E657C-6B26-4BCF-93CA-373049507ED7}.Debug|Any CPU.ActiveCfg = Debug|Any CPU
		{829E657C-6B26-4BCF-93CA-373049507ED7}.Debug|Any CPU.Build.0 = Debug|Any CPU
		{829E657C-6B26-4BCF-93CA-373049507ED7}.Release|Any CPU.ActiveCfg = Release|Any CPU
		{829E657C-6B26-4BCF-93CA-373049507ED7}.Release|Any CPU.Build.0 = Release|Any CPU
	EndGlobalSection
	GlobalSection(SolutionProperties) = preSolution
		HideSolutionNode = FALSE
	EndGlobalSection
	GlobalSection(ExtensibilityGlobals) = postSolution
		SolutionGuid = {22433494-8223-4AE6-B29A-B43AED0DCE58}
	EndGlobalSection
EndGlobal
